
Microsoft Visual Studio Solution File, Format Version 12.00
# Visual Studio Version 17
VisualStudioVersion = 17.0.31903.59
MinimumVisualStudioVersion = 10.0.40219.1
Project("{FAE04EC0-301F-11D3-BF4B-00C04F79EFBC}") = "BibleContentLibrary", "BibleContentLibrary.csproj", "{B25413D6-960D-4757-A434-156ED93DCF04}"
EndProject
Global
	GlobalSection(SolutionConfigurationPlatforms) = preSolution
		Debug|Any CPU = Debug|Any CPU
		Release|Any CPU = Release|Any CPU
	EndGlobalSection
	GlobalSection(ProjectConfigurationPlatforms) = postSolution
		{B25413D6-960D-4757-A434-156ED93DCF04}.Debug|Any CPU.ActiveCfg = Debug|Any CPU
		{B25413D6-960D-4757-A434-156ED93DCF04}.Debug|Any CPU.Build.0 = Debug|Any CPU
		{B25413D6-960D-4757-A434-156ED93DCF04}.Release|Any CPU.ActiveCfg = Release|Any CPU
		{B25413D6-960D-4757-A434-156ED93DCF04}.Release|Any CPU.Build.0 = Release|Any CPU
	EndGlobalSection
	GlobalSection(SolutionProperties) = preSolution
		HideSolutionNode = FALSE
	EndGlobalSection
	GlobalSection(ExtensibilityGlobals) = postSolution
		SolutionGuid = {DA5B1E09-C3A6-4281-8D7F-FEF64A879393}
	EndGlobalSection
EndGlobal
